{
  "name": "sockudo-live-activities-backend-example",
  "lockfileVersion": 3,
  "requires": true,
  "packages": {
    "": {
      "name": "sockudo-live-activities-backend-example",
      "dependencies": {
        "sockudo": "file:../../../server-sdks/sockudo-http-node"
      }
    },
    "../../../server-sdks/sockudo-http-node": {
      "name": "sockudo",
      "version": "2.2.0",
      "license": "MIT",
      "dependencies": {
        "abort-controller": "^3.0.0",
        "is-base64": "^1.1.0",
        "node-fetch": "^2.7.0",
        "tweetnacl": "^1.0.3",
        "tweetnacl-util": "^0.15.1"
      },
      "devDependencies": {
        "@types/node": "^24.13.2",
        "@types/node-fetch": "^2.6.13",
        "expect.js": "=0.3.1",
        "express": "^4.22.2",
        "https-proxy-agent": "^9.1.0",
        "mocha": "^11.3.0",
        "nock": "^14.0.15",
        "oxfmt": "^0.55.0",
        "oxlint": "^1.70.0",
        "sinon": "^22.0.0",
        "typescript": "^5.9.3",
        "webpack": "^5.107.2",
        "webpack-cli": "^7.0.3"
      },
      "engines": {
        "node": ">=16"
      }
    },
    "node_modules/sockudo": {
      "resolved": "../../../server-sdks/sockudo-http-node",
      "link": true
    }
  }
}
