{
  "name": "sockudo-ably-compat-smoke",
  "lockfileVersion": 3,
  "requires": true,
  "packages": {
    "": {
      "name": "sockudo-ably-compat-smoke",
      "dependencies": {
        "@ably/ai-transport": "0.4.0",
        "ably": "2.23.0",
        "ai": "^6.0.137"
      },
      "devDependencies": {
        "playwright": "1.61.1"
      },
      "engines": {
        "node": ">=22.0.0"
      }
    },
    "node_modules/@ably/ai-transport": {
      "version": "0.4.0",
      "resolved": "https://registry.npmjs.org/@ably/ai-transport/-/ai-transport-0.4.0.tgz",
      "integrity": "sha512-o6XsTsuupOBJjGH7nDQVlQXXPv4+oMf4sHbXcTTpvE+UWzE9umtgSMbKaFVnvF129PpgodmYmxQk7VG5c3XyqA==",
      "license": "Apache-2.0",
      "engines": {
        "node": ">=22.0.0"
      },
      "peerDependencies": {
        "ably": "^2.23.0",
        "ai": "^6",
        "react": "^18.0.0 || ^19.0.0"
      },
      "peerDependenciesMeta": {
        "ai": {
          "optional": true
        },
        "react": {
          "optional": true
        }
      }
    },
    "node_modules/@ably/msgpack-js": {
      "version": "0.4.1",
      "resolved": "https://registry.npmjs.org/@ably/msgpack-js/-/msgpack-js-0.4.1.tgz",
      "integrity": "sha512-Sjxj6SOr17hExAVrsycN7u6oV4PhZcK7Z2S8dM71CH/butgO47cSo/TL6FJPCXUyDAzKkOWjMUpJGyZkEpyu4Q==",
      "license": "Apache-2.0",
      "dependencies": {
        "bops": "^1.0.1"
      }
    },
    "node_modules/@ai-sdk/gateway": {
      "version": "3.0.143",
      "resolved": "https://registry.npmjs.org/@ai-sdk/gateway/-/gateway-3.0.143.tgz",
      "integrity": "sha512-RCH60KsUaNiZkI/fBuyau4yvYrVBIEgAcN+Ain94QpL1kVm28GduQzFKfGffAiJU2We0ZrmN4BHkoCZzACK96Q==",
      "license": "Apache-2.0",
      "dependencies": {
        "@ai-sdk/provider": "3.0.13",
        "@ai-sdk/provider-utils": "4.0.35",
        "@vercel/oidc": "3.2.0"
      },
      "engines": {
        "node": ">=18"
      },
      "peerDependencies": {
        "zod": "^3.25.76 || ^4.1.8"
      }
    },
    "node_modules/@ai-sdk/provider": {
      "version": "3.0.13",
      "resolved": "https://registry.npmjs.org/@ai-sdk/provider/-/provider-3.0.13.tgz",
      "integrity": "sha512-ZPtVYt5QIJzOta1kdUiDuCx4HhFkvNPv/rvmZ2b1iXwybYjJsCnNYR4PAw4kW7rgVfDARvHXcU64efWuqNp6bw==",
      "license": "Apache-2.0",
      "dependencies": {
        "json-schema": "^0.4.0"
      },
      "engines": {
        "node": ">=18"
      }
    },
    "node_modules/@ai-sdk/provider-utils": {
      "version": "4.0.35",
      "resolved": "https://registry.npmjs.org/@ai-sdk/provider-utils/-/provider-utils-4.0.35.tgz",
      "integrity": "sha512-bjYld/2KGPLt78kpqbya+fD4LYS7BqVQJyUjE3qAHrYB0FR2Q90BaWEVIBZaguTWXf/A8L6uG1zO1v9TxVlGWg==",
      "license": "Apache-2.0",
      "dependencies": {
        "@ai-sdk/provider": "3.0.13",
        "@standard-schema/spec": "^1.1.0",
        "eventsource-parser": "^3.0.8"
      },
      "engines": {
        "node": ">=18"
      },
      "peerDependencies": {
        "zod": "^3.25.76 || ^4.1.8"
      }
    },
    "node_modules/@opentelemetry/api": {
      "version": "1.9.1",
      "resolved": "https://registry.npmjs.org/@opentelemetry/api/-/api-1.9.1.tgz",
      "integrity": "sha512-gLyJlPHPZYdAk1JENA9LeHejZe1Ti77/pTeFm/nMXmQH/HFZlcS/O2XJB+L8fkbrNSqhdtlvjBVjxwUYanNH5Q==",
      "license": "Apache-2.0",
      "engines": {
        "node": ">=8.0.0"
      }
    },
    "node_modules/@sindresorhus/is": {
      "version": "4.6.0",
      "resolved": "https://registry.npmjs.org/@sindresorhus/is/-/is-4.6.0.tgz",
      "integrity": "sha512-t09vSN3MdfsyCHoFcTRCH/iUtG7OJ0CsjzB8cjAmKc/va/kIgeDI/TxsigdncE/4be734m0cvIYwNaV4i2XqAw==",
      "license": "MIT",
      "engines": {
        "node": ">=10"
      },
      "funding": {
        "url": "https://github.com/sindresorhus/is?sponsor=1"
      }
    },
    "node_modules/@standard-schema/spec": {
      "version": "1.1.0",
      "resolved": "https://registry.npmjs.org/@standard-schema/spec/-/spec-1.1.0.tgz",
      "integrity": "sha512-l2aFy5jALhniG5HgqrD6jXLi/rUWrKvqN/qJx6yoJsgKhblVd+iqqU4RCXavm/jPityDo5TCvKMnpjKnOriy0w==",
      "license": "MIT"
    },
    "node_modules/@szmarczak/http-timer": {
      "version": "4.0.6",
      "resolved": "https://registry.npmjs.org/@szmarczak/http-timer/-/http-timer-4.0.6.tgz",
      "integrity": "sha512-4BAffykYOgO+5nzBWYwE3W90sBgLJoUPRWWcL8wlyiM8IB8ipJz3UMJ9KXQd1RKQXpKp8Tutn80HZtWsu2u76w==",
      "license": "MIT",
      "dependencies": {
        "defer-to-connect": "^2.0.0"
      },
      "engines": {
        "node": ">=10"
      }
    },
    "node_modules/@types/cacheable-request": {
      "version": "6.0.3",
      "resolved": "https://registry.npmjs.org/@types/cacheable-request/-/cacheable-request-6.0.3.tgz",
      "integrity": "sha512-IQ3EbTzGxIigb1I3qPZc1rWJnH0BmSKv5QYTalEwweFvyBDLSAe24zP0le/hyi7ecGfZVlIVAg4BZqb8WBwKqw==",
      "license": "MIT",
      "dependencies": {
        "@types/http-cache-semantics": "*",
        "@types/keyv": "^3.1.4",
        "@types/node": "*",
        "@types/responselike": "^1.0.0"
      }
    },
    "node_modules/@types/http-cache-semantics": {
      "version": "4.2.0",
      "resolved": "https://registry.npmjs.org/@types/http-cache-semantics/-/http-cache-semantics-4.2.0.tgz",
      "integrity": "sha512-L3LgimLHXtGkWikKnsPg0/VFx9OGZaC+eN1u4r+OB1XRqH3meBIAVC2zr1WdMH+RHmnRkqliQAOHNJ/E0j/e0Q==",
      "license": "MIT"
    },
    "node_modules/@types/keyv": {
      "version": "3.1.4",
      "resolved": "https://registry.npmjs.org/@types/keyv/-/keyv-3.1.4.tgz",
      "integrity": "sha512-BQ5aZNSCpj7D6K2ksrRCTmKRLEpnPvWDiLPfoGyhZ++8YtiK9d/3DBKPJgry359X/P1PfruyYwvnvwFjuEiEIg==",
      "license": "MIT",
      "dependencies": {
        "@types/node": "*"
      }
    },
    "node_modules/@types/node": {
      "version": "26.1.0",
      "resolved": "https://registry.npmjs.org/@types/node/-/node-26.1.0.tgz",
      "integrity": "sha512-O0A1G3xPGy4w7AgQdAQYUlQ+BKk2Oovw8eRpofyp5KdBZULnbe+WqaOVNrm705SHphCiG4XHsACrSmPu1f+Kgw==",
      "license": "MIT",
      "dependencies": {
        "undici-types": "~8.3.0"
      }
    },
    "node_modules/@types/responselike": {
      "version": "1.0.3",
      "resolved": "https://registry.npmjs.org/@types/responselike/-/responselike-1.0.3.tgz",
      "integrity": "sha512-H/+L+UkTV33uf49PH5pCAUBVPNj2nDBXTN+qS1dOwyyg24l3CcicicCA7ca+HMvJBZcFgl5r8e+RR6elsb4Lyw==",
      "license": "MIT",
      "dependencies": {
        "@types/node": "*"
      }
    },
    "node_modules/@vercel/oidc": {
      "version": "3.2.0",
      "resolved": "https://registry.npmjs.org/@vercel/oidc/-/oidc-3.2.0.tgz",
      "integrity": "sha512-UycprH3T6n3jH0k44NHMa7pnFHGu/N05MjojYr+Mc6I7obkoLIJujSWwin1pCvdy/eOxrI/l3uDLQsmcrOb4ug==",
      "license": "Apache-2.0",
      "engines": {
        "node": ">= 20"
      }
    },
    "node_modules/ably": {
      "version": "2.23.0",
      "resolved": "https://registry.npmjs.org/ably/-/ably-2.23.0.tgz",
      "integrity": "sha512-hDmCmNNS/XS/+1g00kVmuFkNW2PPPgeerX7bAp2ALMBsH7nTesvJwvZs/x9VEljBpB8mS0oWDDrLkitJDkUyRg==",
      "license": "Apache-2.0",
      "dependencies": {
        "@ably/msgpack-js": "^0.4.0",
        "dequal": "^2.0.3",
        "fastestsmallesttextencoderdecoder": "^1.0.22",
        "got": "^11.8.5",
        "ulid": "^2.3.0",
        "ws": "^8.17.1"
      },
      "engines": {
        "node": ">=16"
      },
      "peerDependencies": {
        "react": ">=16.8.0",
        "react-dom": ">=16.8.0"
      },
      "peerDependenciesMeta": {
        "react": {
          "optional": true
        },
        "react-dom": {
          "optional": true
        }
      }
    },
    "node_modules/ai": {
      "version": "6.0.219",
      "resolved": "https://registry.npmjs.org/ai/-/ai-6.0.219.tgz",
      "integrity": "sha512-rtTDz99Rc9HsstSJ7YdO8DX7DQwS442N2vQ5jOopXDdo4qfkLrtIRpORdztFMOZxX/XjBzHRlvqF6eMg3cpyLA==",
      "license": "Apache-2.0",
      "dependencies": {
        "@ai-sdk/gateway": "3.0.143",
        "@ai-sdk/provider": "3.0.13",
        "@ai-sdk/provider-utils": "4.0.35",
        "@opentelemetry/api": "^1.9.0"
      },
      "engines": {
        "node": ">=18"
      },
      "peerDependencies": {
        "zod": "^3.25.76 || ^4.1.8"
      }
    },
    "node_modules/base64-js": {
      "version": "1.0.2",
      "resolved": "https://registry.npmjs.org/base64-js/-/base64-js-1.0.2.tgz",
      "integrity": "sha512-ZXBDPMt/v/8fsIqn+Z5VwrhdR6jVka0bYobHdGia0Nxi7BJ9i/Uvml3AocHIBtIIBhZjBw5MR0aR4ROs/8+SNg==",
      "license": "MIT",
      "engines": {
        "node": ">= 0.4"
      }
    },
    "node_modules/bops": {
      "version": "1.0.1",
      "resolved": "https://registry.npmjs.org/bops/-/bops-1.0.1.tgz",
      "integrity": "sha512-qCMBuZKP36tELrrgXpAfM+gHzqa0nLsWZ+L37ncsb8txYlnAoxOPpVp+g7fK0sGkMXfA0wl8uQkESqw3v4HNag==",
      "license": "MIT",
      "dependencies": {
        "base64-js": "1.0.2",
        "to-utf8": "0.0.1"
      }
    },
    "node_modules/cacheable-lookup": {
      "version": "5.0.4",
      "resolved": "https://registry.npmjs.org/cacheable-lookup/-/cacheable-lookup-5.0.4.tgz",
      "integrity": "sha512-2/kNscPhpcxrOigMZzbiWF7dz8ilhb/nIHU3EyZiXWXpeq/au8qJ8VhdftMkty3n7Gj6HIGalQG8oiBNB3AJgA==",
      "license": "MIT",
      "engines": {
        "node": ">=10.6.0"
      }
    },
    "node_modules/cacheable-request": {
      "version": "7.0.4",
      "resolved": "https://registry.npmjs.org/cacheable-request/-/cacheable-request-7.0.4.tgz",
      "integrity": "sha512-v+p6ongsrp0yTGbJXjgxPow2+DL93DASP4kXCDKb8/bwRtt9OEF3whggkkDkGNzgcWy2XaF4a8nZglC7uElscg==",
      "license": "MIT",
      "dependencies": {
        "clone-response": "^1.0.2",
        "get-stream": "^5.1.0",
        "http-cache-semantics": "^4.0.0",
        "keyv": "^4.0.0",
        "lowercase-keys": "^2.0.0",
        "normalize-url": "^6.0.1",
        "responselike": "^2.0.0"
      },
      "engines": {
        "node": ">=8"
      }
    },
    "node_modules/clone-response": {
      "version": "1.0.3",
      "resolved": "https://registry.npmjs.org/clone-response/-/clone-response-1.0.3.tgz",
      "integrity": "sha512-ROoL94jJH2dUVML2Y/5PEDNaSHgeOdSDicUyS7izcF63G6sTc/FTjLub4b8Il9S8S0beOfYt0TaA5qvFK+w0wA==",
      "license": "MIT",
      "dependencies": {
        "mimic-response": "^1.0.0"
      },
      "funding": {
        "url": "https://github.com/sponsors/sindresorhus"
      }
    },
    "node_modules/decompress-response": {
      "version": "6.0.0",
      "resolved": "https://registry.npmjs.org/decompress-response/-/decompress-response-6.0.0.tgz",
      "integrity": "sha512-aW35yZM6Bb/4oJlZncMH2LCoZtJXTRxES17vE3hoRiowU2kWHaJKFkSBDnDR+cm9J+9QhXmREyIfv0pji9ejCQ==",
      "license": "MIT",
      "dependencies": {
        "mimic-response": "^3.1.0"
      },
      "engines": {
        "node": ">=10"
      },
      "funding": {
        "url": "https://github.com/sponsors/sindresorhus"
      }
    },
    "node_modules/decompress-response/node_modules/mimic-response": {
      "version": "3.1.0",
      "resolved": "https://registry.npmjs.org/mimic-response/-/mimic-response-3.1.0.tgz",
      "integrity": "sha512-z0yWI+4FDrrweS8Zmt4Ej5HdJmky15+L2e6Wgn3+iK5fWzb6T3fhNFq2+MeTRb064c6Wr4N/wv0DzQTjNzHNGQ==",
      "license": "MIT",
      "engines": {
        "node": ">=10"
      },
      "funding": {
        "url": "https://github.com/sponsors/sindresorhus"
      }
    },
    "node_modules/defer-to-connect": {
      "version": "2.0.1",
      "resolved": "https://registry.npmjs.org/defer-to-connect/-/defer-to-connect-2.0.1.tgz",
      "integrity": "sha512-4tvttepXG1VaYGrRibk5EwJd1t4udunSOVMdLSAL6mId1ix438oPwPZMALY41FCijukO1L0twNcGsdzS7dHgDg==",
      "license": "MIT",
      "engines": {
        "node": ">=10"
      }
    },
    "node_modules/dequal": {
      "version": "2.0.3",
      "resolved": "https://registry.npmjs.org/dequal/-/dequal-2.0.3.tgz",
      "integrity": "sha512-0je+qPKHEMohvfRTCEo3CrPG6cAzAYgmzKyxRiYSSDkS6eGJdyVJm7WaYA5ECaAD9wLB2T4EEeymA5aFVcYXCA==",
      "license": "MIT",
      "engines": {
        "node": ">=6"
      }
    },
    "node_modules/end-of-stream": {
      "version": "1.4.5",
      "resolved": "https://registry.npmjs.org/end-of-stream/-/end-of-stream-1.4.5.tgz",
      "integrity": "sha512-ooEGc6HP26xXq/N+GCGOT0JKCLDGrq2bQUZrQ7gyrJiZANJ/8YDTxTpQBXGMn+WbIQXNVpyWymm7KYVICQnyOg==",
      "license": "MIT",
      "dependencies": {
        "once": "^1.4.0"
      }
    },
    "node_modules/eventsource-parser": {
      "version": "3.1.0",
      "resolved": "https://registry.npmjs.org/eventsource-parser/-/eventsource-parser-3.1.0.tgz",
      "integrity": "sha512-kJezFj9YFAMLeORyi7aCLxLbD5/qWMQnoMVlVPyHIll7lgRJCc3JVln9Vgl9nwQi0YkMnhdGTMNn7CkRRAptMg==",
      "license": "MIT",
      "engines": {
        "node": ">=18.0.0"
      }
    },
    "node_modules/fastestsmallesttextencoderdecoder": {
      "version": "1.0.22",
      "resolved": "https://registry.npmjs.org/fastestsmallesttextencoderdecoder/-/fastestsmallesttextencoderdecoder-1.0.22.tgz",
      "integrity": "sha512-Pb8d48e+oIuY4MaM64Cd7OW1gt4nxCHs7/ddPPZ/Ic3sg8yVGM7O9wDvZ7us6ScaUupzM+pfBolwtYhN1IxBIw==",
      "license": "CC0-1.0"
    },
    "node_modules/fsevents": {
      "version": "2.3.2",
      "resolved": "https://registry.npmjs.org/fsevents/-/fsevents-2.3.2.tgz",
      "integrity": "sha512-xiqMQR4xAeHTuB9uWm+fFRcIOgKBMiOBP+eXiyT7jsgVCq1bkVygt00oASowB7EdtpOHaaPgKt812P9ab+DDKA==",
      "dev": true,
      "hasInstallScript": true,
      "license": "MIT",
      "optional": true,
      "os": [
        "darwin"
      ],
      "engines": {
        "node": "^8.16.0 || ^10.6.0 || >=11.0.0"
      }
    },
    "node_modules/get-stream": {
      "version": "5.2.0",
      "resolved": "https://registry.npmjs.org/get-stream/-/get-stream-5.2.0.tgz",
      "integrity": "sha512-nBF+F1rAZVCu/p7rjzgA+Yb4lfYXrpl7a6VmJrU8wF9I1CKvP/QwPNZHnOlwbTkY6dvtFIzFMSyQXbLoTQPRpA==",
      "license": "MIT",
      "dependencies": {
        "pump": "^3.0.0"
      },
      "engines": {
        "node": ">=8"
      },
      "funding": {
        "url": "https://github.com/sponsors/sindresorhus"
      }
    },
    "node_modules/got": {
      "version": "11.8.6",
      "resolved": "https://registry.npmjs.org/got/-/got-11.8.6.tgz",
      "integrity": "sha512-6tfZ91bOr7bOXnK7PRDCGBLa1H4U080YHNaAQ2KsMGlLEzRbk44nsZF2E1IeRc3vtJHPVbKCYgdFbaGO2ljd8g==",
      "license": "MIT",
      "dependencies": {
        "@sindresorhus/is": "^4.0.0",
        "@szmarczak/http-timer": "^4.0.5",
        "@types/cacheable-request": "^6.0.1",
        "@types/responselike": "^1.0.0",
        "cacheable-lookup": "^5.0.3",
        "cacheable-request": "^7.0.2",
        "decompress-response": "^6.0.0",
        "http2-wrapper": "^1.0.0-beta.5.2",
        "lowercase-keys": "^2.0.0",
        "p-cancelable": "^2.0.0",
        "responselike": "^2.0.0"
      },
      "engines": {
        "node": ">=10.19.0"
      },
      "funding": {
        "url": "https://github.com/sindresorhus/got?sponsor=1"
      }
    },
    "node_modules/http-cache-semantics": {
      "version": "4.2.0",
      "resolved": "https://registry.npmjs.org/http-cache-semantics/-/http-cache-semantics-4.2.0.tgz",
      "integrity": "sha512-dTxcvPXqPvXBQpq5dUr6mEMJX4oIEFv6bwom3FDwKRDsuIjjJGANqhBuoAn9c1RQJIdAKav33ED65E2ys+87QQ==",
      "license": "BSD-2-Clause"
    },
    "node_modules/http2-wrapper": {
      "version": "1.0.3",
      "resolved": "https://registry.npmjs.org/http2-wrapper/-/http2-wrapper-1.0.3.tgz",
      "integrity": "sha512-V+23sDMr12Wnz7iTcDeJr3O6AIxlnvT/bmaAAAP/Xda35C90p9599p0F1eHR/N1KILWSoWVAiOMFjBBXaXSMxg==",
      "license": "MIT",
      "dependencies": {
        "quick-lru": "^5.1.1",
        "resolve-alpn": "^1.0.0"
      },
      "engines": {
        "node": ">=10.19.0"
      }
    },
    "node_modules/json-buffer": {
      "version": "3.0.1",
      "resolved": "https://registry.npmjs.org/json-buffer/-/json-buffer-3.0.1.tgz",
      "integrity": "sha512-4bV5BfR2mqfQTJm+V5tPPdf+ZpuhiIvTuAB5g8kcrXOZpTT/QwwVRWBywX1ozr6lEuPdbHxwaJlm9G6mI2sfSQ==",
      "license": "MIT"
    },
    "node_modules/json-schema": {
      "version": "0.4.0",
      "resolved": "https://registry.npmjs.org/json-schema/-/json-schema-0.4.0.tgz",
      "integrity": "sha512-es94M3nTIfsEPisRafak+HDLfHXnKBhV3vU5eqPcS3flIWqcxJWgXHXiey3YrpaNsanY5ei1VoYEbOzijuq9BA==",
      "license": "(AFL-2.1 OR BSD-3-Clause)"
    },
    "node_modules/keyv": {
      "version": "4.5.4",
      "resolved": "https://registry.npmjs.org/keyv/-/keyv-4.5.4.tgz",
      "integrity": "sha512-oxVHkHR/EJf2CNXnWxRLW6mg7JyCCUcG0DtEGmL2ctUo1PNTin1PUil+r/+4r5MpVgC/fn1kjsx7mjSujKqIpw==",
      "license": "MIT",
      "dependencies": {
        "json-buffer": "3.0.1"
      }
    },
    "node_modules/lowercase-keys": {
      "version": "2.0.0",
      "resolved": "https://registry.npmjs.org/lowercase-keys/-/lowercase-keys-2.0.0.tgz",
      "integrity": "sha512-tqNXrS78oMOE73NMxK4EMLQsQowWf8jKooH9g7xPavRT706R6bkQJ6DY2Te7QukaZsulxa30wQ7bk0pm4XiHmA==",
      "license": "MIT",
      "engines": {
        "node": ">=8"
      }
    },
    "node_modules/mimic-response": {
      "version": "1.0.1",
      "resolved": "https://registry.npmjs.org/mimic-response/-/mimic-response-1.0.1.tgz",
      "integrity": "sha512-j5EctnkH7amfV/q5Hgmoal1g2QHFJRraOtmx0JpIqkxhBhI/lJSl1nMpQ45hVarwNETOoWEimndZ4QK0RHxuxQ==",
      "license": "MIT",
      "engines": {
        "node": ">=4"
      }
    },
    "node_modules/normalize-url": {
      "version": "6.1.0",
      "resolved": "https://registry.npmjs.org/normalize-url/-/normalize-url-6.1.0.tgz",
      "integrity": "sha512-DlL+XwOy3NxAQ8xuC0okPgK46iuVNAK01YN7RueYBqqFeGsBjV9XmCAzAdgt+667bCl5kPh9EqKKDwnaPG1I7A==",
      "license": "MIT",
      "engines": {
        "node": ">=10"
      },
      "funding": {
        "url": "https://github.com/sponsors/sindresorhus"
      }
    },
    "node_modules/once": {
      "version": "1.4.0",
      "resolved": "https://registry.npmjs.org/once/-/once-1.4.0.tgz",
      "integrity": "sha512-lNaJgI+2Q5URQBkccEKHTQOPaXdUxnZZElQTZY0MFUAuaEqe1E+Nyvgdz/aIyNi6Z9MzO5dv1H8n58/GELp3+w==",
      "license": "ISC",
      "dependencies": {
        "wrappy": "1"
      }
    },
    "node_modules/p-cancelable": {
      "version": "2.1.1",
      "resolved": "https://registry.npmjs.org/p-cancelable/-/p-cancelable-2.1.1.tgz",
      "integrity": "sha512-BZOr3nRQHOntUjTrH8+Lh54smKHoHyur8We1V8DSMVrl5A2malOOwuJRnKRDjSnkoeBh4at6BwEnb5I7Jl31wg==",
      "license": "MIT",
      "engines": {
        "node": ">=8"
      }
    },
    "node_modules/playwright": {
      "version": "1.61.1",
      "resolved": "https://registry.npmjs.org/playwright/-/playwright-1.61.1.tgz",
      "integrity": "sha512-DWnY5o3YbLWK4GovuAVwpqL+1VwGNdUGrRr++8j8PtQQzvAVZUIMjKQ90fY689sEJZJBbZVw1rXaOKSTitkzPQ==",
      "dev": true,
      "license": "Apache-2.0",
      "dependencies": {
        "playwright-core": "1.61.1"
      },
      "bin": {
        "playwright": "cli.js"
      },
      "engines": {
        "node": ">=18"
      },
      "optionalDependencies": {
        "fsevents": "2.3.2"
      }
    },
    "node_modules/playwright-core": {
      "version": "1.61.1",
      "resolved": "https://registry.npmjs.org/playwright-core/-/playwright-core-1.61.1.tgz",
      "integrity": "sha512-h7Qlt6m4REp25qvIdvbDtVmD4LqVXfpRxhORv9L0jzETM05p4fuPJ3dKyuSXQxDSbXnmS79HAgi9589lGSpLkg==",
      "dev": true,
      "license": "Apache-2.0",
      "bin": {
        "playwright-core": "cli.js"
      },
      "engines": {
        "node": ">=18"
      }
    },
    "node_modules/pump": {
      "version": "3.0.4",
      "resolved": "https://registry.npmjs.org/pump/-/pump-3.0.4.tgz",
      "integrity": "sha512-VS7sjc6KR7e1ukRFhQSY5LM2uBWAUPiOPa/A3mkKmiMwSmRFUITt0xuj+/lesgnCv+dPIEYlkzrcyXgquIHMcA==",
      "license": "MIT",
      "dependencies": {
        "end-of-stream": "^1.1.0",
        "once": "^1.3.1"
      }
    },
    "node_modules/quick-lru": {
      "version": "5.1.1",
      "resolved": "https://registry.npmjs.org/quick-lru/-/quick-lru-5.1.1.tgz",
      "integrity": "sha512-WuyALRjWPDGtt/wzJiadO5AXY+8hZ80hVpe6MyivgraREW751X3SbhRvG3eLKOYN+8VEvqLcf3wdnt44Z4S4SA==",
      "license": "MIT",
      "engines": {
        "node": ">=10"
      },
      "funding": {
        "url": "https://github.com/sponsors/sindresorhus"
      }
    },
    "node_modules/resolve-alpn": {
      "version": "1.2.1",
      "resolved": "https://registry.npmjs.org/resolve-alpn/-/resolve-alpn-1.2.1.tgz",
      "integrity": "sha512-0a1F4l73/ZFZOakJnQ3FvkJ2+gSTQWz/r2KE5OdDY0TxPm5h4GkqkWWfM47T7HsbnOtcJVEF4epCVy6u7Q3K+g==",
      "license": "MIT"
    },
    "node_modules/responselike": {
      "version": "2.0.1",
      "resolved": "https://registry.npmjs.org/responselike/-/responselike-2.0.1.tgz",
      "integrity": "sha512-4gl03wn3hj1HP3yzgdI7d3lCkF95F21Pz4BPGvKHinyQzALR5CapwC8yIi0Rh58DEMQ/SguC03wFj2k0M/mHhw==",
      "license": "MIT",
      "dependencies": {
        "lowercase-keys": "^2.0.0"
      },
      "funding": {
        "url": "https://github.com/sponsors/sindresorhus"
      }
    },
    "node_modules/to-utf8": {
      "version": "0.0.1",
      "resolved": "https://registry.npmjs.org/to-utf8/-/to-utf8-0.0.1.tgz",
      "integrity": "sha512-zks18/TWT1iHO3v0vFp5qLKOG27m67ycq/Y7a7cTiRuUNlc4gf3HGnkRgMv0NyhnfTamtkYBJl+YeD1/j07gBQ==",
      "license": "MIT"
    },
    "node_modules/ulid": {
      "version": "2.4.0",
      "resolved": "https://registry.npmjs.org/ulid/-/ulid-2.4.0.tgz",
      "integrity": "sha512-fIRiVTJNcSRmXKPZtGzFQv9WRrZ3M9eoptl/teFJvjOzmpU+/K/JH6HZ8deBfb5vMEpicJcLn7JmvdknlMq7Zg==",
      "license": "MIT",
      "bin": {
        "ulid": "bin/cli.js"
      }
    },
    "node_modules/undici-types": {
      "version": "8.3.0",
      "resolved": "https://registry.npmjs.org/undici-types/-/undici-types-8.3.0.tgz",
      "integrity": "sha512-j375ScV60dom+YkPFIfTLcOiPxkN/buHz5GobjLhixFuANaNs3C9l4GmrWqejgXWJ7BbJcFYpTEUkS1Ge8bpZQ==",
      "license": "MIT"
    },
    "node_modules/wrappy": {
      "version": "1.0.2",
      "resolved": "https://registry.npmjs.org/wrappy/-/wrappy-1.0.2.tgz",
      "integrity": "sha512-l4Sp/DRseor9wL6EvV2+TuQn63dMkPjZ/sp9XkghTEbV9KlPS1xUsZ3u7/IQO4wxtcFB4bgpQPRcR3QCvezPcQ==",
      "license": "ISC"
    },
    "node_modules/ws": {
      "version": "8.21.0",
      "resolved": "https://registry.npmjs.org/ws/-/ws-8.21.0.tgz",
      "integrity": "sha512-Vsp28b7DRcimFQvrqu2Wek3z1iYxDCWqHYB8Qsnk/S4RfaCQzPGPyBNuVjJV3cd6UiKtUtp6sNM77gWvzcCH+g==",
      "license": "MIT",
      "engines": {
        "node": ">=10.0.0"
      },
      "peerDependencies": {
        "bufferutil": "^4.0.1",
        "utf-8-validate": ">=5.0.2"
      },
      "peerDependenciesMeta": {
        "bufferutil": {
          "optional": true
        },
        "utf-8-validate": {
          "optional": true
        }
      }
    },
    "node_modules/zod": {
      "version": "4.4.3",
      "resolved": "https://registry.npmjs.org/zod/-/zod-4.4.3.tgz",
      "integrity": "sha512-ytENFjIJFl2UwYglde2jchW2Hwm4GJFLDiSXWdTrJQBIN9Fcyp7n4DhxJEiWNAJMV1/BqWfW/kkg71UDcHJyTQ==",
      "license": "MIT",
      "peer": true,
      "funding": {
        "url": "https://github.com/sponsors/colinhacks"
      }
    }
  }
}
